
Microsoft Visual Studio Solution File, Format Version 12.00
# Visual Studio Version 16
VisualStudioVersion = 16.0.31424.327
MinimumVisualStudioVersion = 10.0.40219.1
Project("{FAE04EC0-301F-11D3-BF4B-00C04F79EFBC}") = "Project2", "Project2\Project2.csproj", "{FF185D5C-1B1F-47EE-9867-E445C8F9024E}"
EndProject
Global
	GlobalSection(SolutionConfigurationPlatforms) = preSolution
		Debug|Any CPU = Debug|Any CPU
		Release|Any CPU = Release|Any CPU
	EndGlobalSection
	GlobalSection(ProjectConfigurationPlatforms) = postSolution
		{FF185D5C-1B1F-47EE-9867-E445C8F9024E}.Debug|Any CPU.ActiveCfg = Debug|Any CPU
		{FF185D5C-1B1F-47EE-9867-E445C8F9024E}.Debug|Any CPU.Build.0 = Debug|Any CPU
		{FF185D5C-1B1F-47EE-9867-E445C8F9024E}.Release|Any CPU.ActiveCfg = Release|Any CPU
		{FF185D5C-1B1F-47EE-9867-E445C8F9024E}.Release|Any CPU.Build.0 = Release|Any CPU
	EndGlobalSection
	GlobalSection(SolutionProperties) = preSolution
		HideSolutionNode = FALSE
	EndGlobalSection
	GlobalSection(ExtensibilityGlobals) = postSolution
		SolutionGuid = {604013CA-36A7-4F1B-90D4-84CA87572BC4}
	EndGlobalSection
EndGlobal
